// !$*UTF8*$!
{
	archiveVersion = 1;
	classes = {
	};
	objectVersion = 50;
	objects = {

/* Begin PBXBuildFile section */
		78075B2F234F464B00E7ACCE /* AppDelegate.swift in Sources */ = {isa = PBXBuildFile; fileRef = 78075B2E234F464B00E7ACCE /* AppDelegate.swift */; };
		78075B31234F464B00E7ACCE /* SceneDelegate.swift in Sources */ = {isa = PBXBuildFile; fileRef = 78075B30234F464B00E7ACCE /* SceneDelegate.swift */; };
		78075B33234F464B00E7ACCE /* ViewController.swift in Sources */ = {isa = PBXBuildFile; fileRef = 78075B32234F464B00E7ACCE /* ViewController.swift */; };
		78075B36234F464B00E7ACCE /* Main.storyboard in Resources */ = {isa = PBXBuildFile; fileRef = 78075B34234F464B00E7ACCE /* Main.storyboard */; };
		78075B38234F464B00E7ACCE /* Assets.xcassets in Resources */ = {isa = PBXBuildFile; fileRef = 78075B37234F464B00E7ACCE /* Assets.xcassets */; };
		78075B3B234F464B00E7ACCE /* LaunchScreen.storyboard in Resources */ = {isa = PBXBuildFile; fileRef = 78075B39234F464B00E7ACCE /* LaunchScreen.storyboard */; };
/* End PBXBuildFile section */

/* Begin PBXFileReference section */
		78075B2B234F464B00E7ACCE /* T-Converter.app */ = {isa = PBXFileReference; explicitFileType = wrapper.application; includeInIndex = 0; path = "T-Converter.app"; sourceTree = BUILT_PRODUCTS_DIR; };
		78075B2E234F464B00E7ACCE /* AppDelegate.swift */ = {isa = PBXFileReference; lastKnownFileType = sourcecode.swift; path = AppDelegate.swift; sourceTree = "<group>"; };
		78075B30234F464B00E7ACCE /* SceneDelegate.swift */ = {isa = PBXFileReference; lastKnownFileType = sourcecode.swift; path = SceneDelegate.swift; sourceTree = "<group>"; };
		78075B32234F464B00E7ACCE /* ViewController.swift */ = {isa = PBXFileReference; lastKnownFileType = sourcecode.swift; path = ViewController.swift; sourceTree = "<group>"; };
		78075B35234F464B00E7ACCE /* Base */ = {isa = PBXFileReference; lastKnownFileType = file.storyboard; name = Base; path = Base.lproj/Main.storyboard; sourceTree = "<group>"; };
		78075B37234F464B00E7ACCE /* Assets.xcassets */ = {isa = PBXFileReference; lastKnownFileType = folder.assetcatalog; path = Assets.xcassets; sourceTree = "<group>"; };
		78075B3A234F464B00E7ACCE /* Base */ = {isa = PBXFileReference; lastKnownFileType = file.storyboard; name = Base; path = Base.lproj/LaunchScreen.storyboard; sourceTree = "<group>"; };
		78075B3C234F464B00E7ACCE /* Info.plist */ = {isa = PBXFileReference; lastKnownFileType = text.plist.xml; path = Info.plist; sourceTree = "<group>"; };
/* End PBXFileReference section */

/* Begin PBXFrameworksBuildPhase section */
		78075B28234F464B00E7ACCE /* Frameworks */ = {
			isa = PBXFrameworksBuildPhase;
			buildActionMask = 2147483647;
			files = (
			);
			runOnlyForDeploymentPostprocessing = 0;
		};
/* End PBXFrameworksBuildPhase section */

/* Begin PBXGroup section */
		78075B22234F464B00E7ACCE = {
			isa = PBXGroup;
			children = (
				78075B2D234F464B00E7ACCE /* T-Converter */,
				78075B2C234F464B00E7ACCE /* Products */,
			);
			sourceTree = "<group>";
		};
		78075B2C234F464B00E7ACCE /* Products */ = {
			isa = PBXGroup;
			children = (
				78075B2B234F464B00E7ACCE /* T-Converter.app */,
			);
			name = Products;
			sourceTree = "<group>";
		};
		78075B2D234F464B00E7ACCE /* T-Converter */ = {
			isa = PBXGroup;
			children = (
				78075B2E234F464B00E7ACCE /* AppDelegate.swift */,
				78075B30234F464B00E7ACCE /* SceneDelegate.swift */,
				78075B32234F464B00E7ACCE /* ViewController.swift */,
				78075B34234F464B00E7ACCE /* Main.storyboard */,
				78075B37234F464B00E7ACCE /* Assets.xcassets */,
				78075B39234F464B00E7ACCE /* LaunchScreen.storyboard */,
				78075B3C234F464B00E7ACCE /* Info.plist */,
			);
			path = "T-Converter";
			sourceTree = "<group>";
		};
/* End PBXGroup section */

/* Begin PBXNativeTarget section */
		78075B2A234F464B00E7ACCE /* T-Converter */ = {
			isa = PBXNativeTarget;
			buildConfigurationList = 78075B3F234F464C00E7ACCE /* Build configuration list for PBXNativeTarget "T-Converter" */;
			buildPhases = (
				78075B27234F464B00E7ACCE /* Sources */,
				78075B28234F464B00E7ACCE /* Frameworks */,
				78075B29234F464B00E7ACCE /* Resources */,
			);
			buildRules = (
			);
			dependencies = (
			);
			name = "T-Converter";
			productName = "T-Converter";
			productReference = 78075B2B234F464B00E7ACCE /* T-Converter.app */;
			productType = "com.apple.product-type.application";
		};
/* End PBXNativeTarget section */

/* Begin PBXProject section */
		78075B23234F464B00E7ACCE /* Project object */ = {
			isa = PBXProject;
			attributes = {
				LastSwiftUpdateCheck = 1100;
				LastUpgradeCheck = 1100;
				ORGANIZATIONNAME = "Olha Skulska";
				TargetAttributes = {
					78075B2A234F464B00E7ACCE = {
						CreatedOnToolsVersion = 11.0;
					};
				};
			};
			buildConfigurationList = 78075B26234F464B00E7ACCE /* Build configuration list for PBXProject "T-Converter" */;
			compatibilityVersion = "Xcode 9.3";
			developmentRegion = en;
			hasScannedForEncodings = 0;
			knownRegions = (
				en,
				Base,
			);
			mainGroup = 78075B22234F464B00E7ACCE;
			productRefGroup = 78075B2C234F464B00E7ACCE /* Products */;
			projectDirPath = "";
			projectRoot = "";
			targets = (
				78075B2A234F464B00E7ACCE /* T-Converter */,
			);
		};
/* End PBXProject section */

/* Begin PBXResourcesBuildPhase section */
		78075B29234F464B00E7ACCE /* Resources */ = {
			isa = PBXResourcesBuildPhase;
			buildActionMask = 2147483647;
			files = (
				78075B3B234F464B00E7ACCE /* LaunchScreen.storyboard in Resources */,
				78075B38234F464B00E7ACCE /* Assets.xcassets in Resources */,
				78075B36234F464B00E7ACCE /* Main.storyboard in Resources */,
			);
			runOnlyForDeploymentPostprocessing = 0;
		};
/* End PBXResourcesBuildPhase section */

/* Begin PBXSourcesBuildPhase section */
		78075B27234F464B00E7ACCE /* Sources */ = {
			isa = PBXSourcesBuildPhase;
			buildActionMask = 2147483647;
			files = (
				78075B33234F464B00E7ACCE /* ViewController.swift in Sources */,
				78075B2F234F464B00E7ACCE /* AppDelegate.swift in Sources */,
				78075B31234F464B00E7ACCE /* SceneDelegate.swift in Sources */,
			);
			runOnlyForDeploymentPostprocessing = 0;
		};
/* End PBXSourcesBuildPhase section */

/* Begin PBXVariantGroup section */
		78075B34234F464B00E7ACCE /* Main.storyboard */ = {
			isa = PBXVariantGroup;
			children = (
				78075B35234F464B00E7ACCE /* Base */,
			);
			name = Main.storyboard;
			sourceTree = "<group>";
		};
		78075B39234F464B00E7ACCE /* LaunchScreen.storyboard */ = {
			isa = PBXVariantGroup;
			children = (
				78075B3A234F464B00E7ACCE /* Base */,
			);
			name = LaunchScreen.storyboard;
			sourceTree = "<group>";
		};
/* End PBXVariantGroup section */

/* Begin XCBuildConfiguration section */
		78075B3D234F464C00E7ACCE /* Debug */ = {
			isa = XCBuildConfiguration;
			buildSettings = {
				ALWAYS_SEARCH_USER_PATHS = NO;
				CLANG_ANALYZER_NONNULL = YES;
				CLANG_ANALYZER_NUMBER_OBJECT_CONVERSION = YES_AGGRESSIVE;
				CLANG_CXX_LANGUAGE_STANDARD = "gnu++14";
				CLANG_CXX_LIBRARY = "libc++";
				CLANG_ENABLE_MODULES = YES;
				CLANG_ENABLE_OBJC_ARC = YES;
				CLANG_ENABLE_OBJC_WEAK = YES;
				CLANG_WARN_BLOCK_CAPTURE_AUTORELEASING = YES;
				CLANG_WARN_BOOL_CONVERSION = YES;
				CLANG_WARN_COMMA = YES;
				CLANG_WARN_CONSTANT_CONVERSION = YES;
				CLANG_WARN_DEPRECATED_OBJC_IMPLEMENTATIONS = YES;
				CLANG_WARN_DIRECT_OBJC_ISA_USAGE = YES_ERROR;
				CLANG_WARN_DOCUMENTATION_COMMENTS = YES;
				CLANG_WARN_EMPTY_BODY = YES;
				CLANG_WARN_ENUM_CONVERSION = YES;
				CLANG_WARN_INFINITE_RECURSION = YES;
				CLANG_WARN_INT_CONVERSION = YES;
				CLANG_WARN_NON_LITERAL_NULL_CONVERSION = YES;
				CLANG_WARN_OBJC_IMPLICIT_RETAIN_SELF = YES;
				CLANG_WARN_OBJC_LITERAL_CONVERSION = YES;
				CLANG_WARN_OBJC_ROOT_CLASS = YES_ERROR;
				CLANG_WARN_RANGE_LOOP_ANALYSIS = YES;
				CLANG_WARN_STRICT_PROTOTYPES = YES;
				CLANG_WARN_SUSPICIOUS_MOVE = YES;
				CLANG_WARN_UNGUARDED_AVAILABILITY = YES_AGGRESSIVE;
				CLANG_WARN_UNREACHABLE_CODE = YES;
				CLANG_WARN__DUPLICATE_METHOD_MATCH = YES;
				COPY_PHASE_STRIP = NO;
				DEBUG_INFORMATION_FORMAT = dwarf;
				ENABLE_STRICT_OBJC_MSGSEND = YES;
				ENABLE_TESTABILITY = YES;
				GCC_C_LANGUAGE_STANDARD = gnu11;
				GCC_DYNAMIC_NO_PIC = NO;
				GCC_NO_COMMON_BLOCKS = YES;
				GCC_OPTIMIZATION_LEVEL = 0;
				GCC_PREPROCESSOR_DEFINITIONS = (
					"DEBUG=1",
					"$(inherited)",
				);
				GCC_WARN_64_TO_32_BIT_CONVERSION = YES;
				GCC_WARN_ABOUT_RETURN_TYPE = YES_ERROR;
				GCC_WARN_UNDECLARED_SELECTOR = YES;
				GCC_WARN_UNINITIALIZED_AUTOS = YES_AGGRESSIVE;
				GCC_WARN_UNUSED_FUNCTION = YES;
				GCC_WARN_UNUSED_VARIABLE = YES;
				IPHONEOS_DEPLOYMENT_TARGET = 13.0;
				MTL_ENABLE_DEBUG_INFO = INCLUDE_SOURCE;
				MTL_FAST_MATH = YES;
				ONLY_ACTIVE_ARCH = YES;
				SDKROOT = iphoneos;
				SWIFT_ACTIVE_COMPILATION_CONDITIONS = DEBUG;
				SWIFT_OPTIMIZATION_LEVEL = "-Onone";
			};
			name = Debug;
		};
		78075B3E234F464C00E7ACCE /* Release */ = {
			isa = XCBuildConfiguration;
			buildSettings = {
				ALWAYS_SEARCH_USER_PATHS = NO;
				CLANG_ANALYZER_NONNULL = YES;
				CLANG_ANALYZER_NUMBER_OBJECT_CONVERSION = YES_AGGRESSIVE;
				CLANG_CXX_LANGUAGE_STANDARD = "gnu++14";
				CLANG_CXX_LIBRARY = "libc++";
				CLANG_ENABLE_MODULES = YES;
				CLANG_ENABLE_OBJC_ARC = YES;
				CLANG_ENABLE_OBJC_WEAK = YES;
				CLANG_WARN_BLOCK_CAPTURE_AUTORELEASING = YES;
				CLANG_WARN_BOOL_CONVERSION = YES;
				CLANG_WARN_COMMA = YES;
				CLANG_WARN_CONSTANT_CONVERSION = YES;
				CLANG_WARN_DEPRECATED_OBJC_IMPLEMENTATIONS = YES;
				CLANG_WARN_DIRECT_OBJC_ISA_USAGE = YES_ERROR;
				CLANG_WARN_DOCUMENTATION_COMMENTS = YES;
				CLANG_WARN_EMPTY_BODY = YES;
				CLANG_WARN_ENUM_CONVERSION = YES;
				CLANG_WARN_INFINITE_RECURSION = YES;
				CLANG_WARN_INT_CONVERSION = YES;
				CLANG_WARN_NON_LITERAL_NULL_CONVERSION = YES;
				CLANG_WARN_OBJC_IMPLICIT_RETAIN_SELF = YES;
				CLANG_WARN_OBJC_LITERAL_CONVERSION = YES;
				CLANG_WARN_OBJC_ROOT_CLASS = YES_ERROR;
				CLANG_WARN_RANGE_LOOP_ANALYSIS = YES;
				CLANG_WARN_STRICT_PROTOTYPES = YES;
				CLANG_WARN_SUSPICIOUS_MOVE = YES;
				CLANG_WARN_UNGUARDED_AVAILABILITY = YES_AGGRESSIVE;
				CLANG_WARN_UNREACHABLE_CODE = YES;
				CLANG_WARN__DUPLICATE_METHOD_MATCH = YES;
				COPY_PHASE_STRIP = NO;
				DEBUG_INFORMATION_FORMAT = "dwarf-with-dsym";
				ENABLE_NS_ASSERTIONS = NO;
				ENABLE_STRICT_OBJC_MSGSEND = YES;
				GCC_C_LANGUAGE_STANDARD = gnu11;
				GCC_NO_COMMON_BLOCKS = YES;
				GCC_WARN_64_TO_32_BIT_CONVERSION = YES;
				GCC_WARN_ABOUT_RETURN_TYPE = YES_ERROR;
				GCC_WARN_UNDECLARED_SELECTOR = YES;
				GCC_WARN_UNINITIALIZED_AUTOS = YES_AGGRESSIVE;
				GCC_WARN_UNUSED_FUNCTION = YES;
				GCC_WARN_UNUSED_VARIABLE = YES;
				IPHONEOS_DEPLOYMENT_TARGET = 13.0;
				MTL_ENABLE_DEBUG_INFO = NO;
				MTL_FAST_MATH = YES;
				SDKROOT = iphoneos;
				SWIFT_COMPILATION_MODE = wholemodule;
				SWIFT_OPTIMIZATION_LEVEL = "-O";
				VALIDATE_PRODUCT = YES;
			};
			name = Release;
		};
		78075B40234F464C00E7ACCE /* Debug */ = {
			isa = XCBuildConfiguration;
			buildSettings = {
				ASSETCATALOG_COMPILER_APPICON_NAME = AppIcon;
				CODE_SIGN_STYLE = Automatic;
				DEVELOPMENT_TEAM = 45Y2D6MLXK;
				INFOPLIST_FILE = "T-Converter/Info.plist";
				LD_RUNPATH_SEARCH_PATHS = (
					"$(inherited)",
					"@executable_path/Frameworks",
				);
				PRODUCT_BUNDLE_IDENTIFIER = "oskulska.T-Converter";
				PRODUCT_NAME = "$(TARGET_NAME)";
				SWIFT_VERSION = 5.0;
				TARGETED_DEVICE_FAMILY = 1;
			};
			name = Debug;
		};
		78075B41234F464C00E7ACCE /* Release */ = {
			isa = XCBuildConfiguration;
			buildSettings = {
				ASSETCATALOG_COMPILER_APPICON_NAME = AppIcon;
				CODE_SIGN_STYLE = Automatic;
				DEVELOPMENT_TEAM = 45Y2D6MLXK;
				INFOPLIST_FILE = "T-Converter/Info.plist";
				LD_RUNPATH_SEARCH_PATHS = (
					"$(inherited)",
					"@executable_path/Frameworks",
				);
				PRODUCT_BUNDLE_IDENTIFIER = "oskulska.T-Converter";
				PRODUCT_NAME = "$(TARGET_NAME)";
				SWIFT_VERSION = 5.0;
				TARGETED_DEVICE_FAMILY = 1;
			};
			name = Release;
		};
/* End XCBuildConfiguration section */

/* Begin XCConfigurationList section */
		78075B26234F464B00E7ACCE /* Build configuration list for PBXProject "T-Converter" */ = {
			isa = XCConfigurationList;
			buildConfigurations = (
				78075B3D234F464C00E7ACCE /* Debug */,
				78075B3E234F464C00E7ACCE /* Release */,
			);
			defaultConfigurationIsVisible = 0;
			defaultConfigurationName = Release;
		};
		78075B3F234F464C00E7ACCE /* Build configuration list for PBXNativeTarget "T-Converter" */ = {
			isa = XCConfigurationList;
			buildConfigurations = (
				78075B40234F464C00E7ACCE /* Debug */,
				78075B41234F464C00E7ACCE /* Release */,
			);
			defaultConfigurationIsVisible = 0;
			defaultConfigurationName = Release;
		};
/* End XCConfigurationList section */
	};
	rootObject = 78075B23234F464B00E7ACCE /* Project object */;
}
