// !$*UTF8*$!
{
	archiveVersion = 1;
	classes = {
	};
	objectVersion = 50;
	objects = {

/* Begin PBXBuildFile section */
		784DB63D2354A44000DDE354 /* SceneDelegate.swift in Sources */ = {isa = PBXBuildFile; fileRef = 784DB63C2354A44000DDE354 /* SceneDelegate.swift */; };
		78519D3123548FF4002D44B5 /* AppDelegate.swift in Sources */ = {isa = PBXBuildFile; fileRef = 78519D3023548FF4002D44B5 /* AppDelegate.swift */; };
		78519D3523548FF4002D44B5 /* FirstViewController.swift in Sources */ = {isa = PBXBuildFile; fileRef = 78519D3423548FF4002D44B5 /* FirstViewController.swift */; };
		78519D3823548FF4002D44B5 /* Main.storyboard in Resources */ = {isa = PBXBuildFile; fileRef = 78519D3623548FF4002D44B5 /* Main.storyboard */; };
		78519D3A23548FF6002D44B5 /* Assets.xcassets in Resources */ = {isa = PBXBuildFile; fileRef = 78519D3923548FF6002D44B5 /* Assets.xcassets */; };
		78519D3D23548FF6002D44B5 /* LaunchScreen.storyboard in Resources */ = {isa = PBXBuildFile; fileRef = 78519D3B23548FF6002D44B5 /* LaunchScreen.storyboard */; };
		78519D4723549641002D44B5 /* PageViewController.swift in Sources */ = {isa = PBXBuildFile; fileRef = 78519D4623549641002D44B5 /* PageViewController.swift */; };
		78519D4923549DF2002D44B5 /* ContentViewController.swift in Sources */ = {isa = PBXBuildFile; fileRef = 78519D4823549DF2002D44B5 /* ContentViewController.swift */; };
/* End PBXBuildFile section */

/* Begin PBXFileReference section */
		784DB63C2354A44000DDE354 /* SceneDelegate.swift */ = {isa = PBXFileReference; fileEncoding = 4; lastKnownFileType = sourcecode.swift; name = SceneDelegate.swift; path = ../../StackView/StackView/SceneDelegate.swift; sourceTree = "<group>"; };
		78519D2D23548FF4002D44B5 /* UIPageViewController.app */ = {isa = PBXFileReference; explicitFileType = wrapper.application; includeInIndex = 0; path = UIPageViewController.app; sourceTree = BUILT_PRODUCTS_DIR; };
		78519D3023548FF4002D44B5 /* AppDelegate.swift */ = {isa = PBXFileReference; lastKnownFileType = sourcecode.swift; path = AppDelegate.swift; sourceTree = "<group>"; };
		78519D3423548FF4002D44B5 /* FirstViewController.swift */ = {isa = PBXFileReference; lastKnownFileType = sourcecode.swift; path = FirstViewController.swift; sourceTree = "<group>"; };
		78519D3723548FF4002D44B5 /* Base */ = {isa = PBXFileReference; lastKnownFileType = file.storyboard; name = Base; path = Base.lproj/Main.storyboard; sourceTree = "<group>"; };
		78519D3923548FF6002D44B5 /* Assets.xcassets */ = {isa = PBXFileReference; lastKnownFileType = folder.assetcatalog; path = Assets.xcassets; sourceTree = "<group>"; };
		78519D3C23548FF6002D44B5 /* Base */ = {isa = PBXFileReference; lastKnownFileType = file.storyboard; name = Base; path = Base.lproj/LaunchScreen.storyboard; sourceTree = "<group>"; };
		78519D3E23548FF6002D44B5 /* Info.plist */ = {isa = PBXFileReference; lastKnownFileType = text.plist.xml; path = Info.plist; sourceTree = "<group>"; };
		78519D4623549641002D44B5 /* PageViewController.swift */ = {isa = PBXFileReference; lastKnownFileType = sourcecode.swift; path = PageViewController.swift; sourceTree = "<group>"; };
		78519D4823549DF2002D44B5 /* ContentViewController.swift */ = {isa = PBXFileReference; lastKnownFileType = sourcecode.swift; path = ContentViewController.swift; sourceTree = "<group>"; };
/* End PBXFileReference section */

/* Begin PBXFrameworksBuildPhase section */
		78519D2A23548FF4002D44B5 /* Frameworks */ = {
			isa = PBXFrameworksBuildPhase;
			buildActionMask = 2147483647;
			files = (
			);
			runOnlyForDeploymentPostprocessing = 0;
		};
/* End PBXFrameworksBuildPhase section */

/* Begin PBXGroup section */
		78519D2423548FF4002D44B5 = {
			isa = PBXGroup;
			children = (
				78519D2F23548FF4002D44B5 /* UIPageViewController */,
				78519D2E23548FF4002D44B5 /* Products */,
			);
			sourceTree = "<group>";
		};
		78519D2E23548FF4002D44B5 /* Products */ = {
			isa = PBXGroup;
			children = (
				78519D2D23548FF4002D44B5 /* UIPageViewController.app */,
			);
			name = Products;
			sourceTree = "<group>";
		};
		78519D2F23548FF4002D44B5 /* UIPageViewController */ = {
			isa = PBXGroup;
			children = (
				78519D4823549DF2002D44B5 /* ContentViewController.swift */,
				78519D3023548FF4002D44B5 /* AppDelegate.swift */,
				78519D3423548FF4002D44B5 /* FirstViewController.swift */,
				78519D4623549641002D44B5 /* PageViewController.swift */,
				78519D3623548FF4002D44B5 /* Main.storyboard */,
				784DB63C2354A44000DDE354 /* SceneDelegate.swift */,
				78519D3923548FF6002D44B5 /* Assets.xcassets */,
				78519D3B23548FF6002D44B5 /* LaunchScreen.storyboard */,
				78519D3E23548FF6002D44B5 /* Info.plist */,
			);
			path = UIPageViewController;
			sourceTree = "<group>";
		};
/* End PBXGroup section */

/* Begin PBXNativeTarget section */
		78519D2C23548FF4002D44B5 /* UIPageViewController */ = {
			isa = PBXNativeTarget;
			buildConfigurationList = 78519D4123548FF6002D44B5 /* Build configuration list for PBXNativeTarget "UIPageViewController" */;
			buildPhases = (
				78519D2923548FF4002D44B5 /* Sources */,
				78519D2A23548FF4002D44B5 /* Frameworks */,
				78519D2B23548FF4002D44B5 /* Resources */,
			);
			buildRules = (
			);
			dependencies = (
			);
			name = UIPageViewController;
			productName = UIPageViewController;
			productReference = 78519D2D23548FF4002D44B5 /* UIPageViewController.app */;
			productType = "com.apple.product-type.application";
		};
/* End PBXNativeTarget section */

/* Begin PBXProject section */
		78519D2523548FF4002D44B5 /* Project object */ = {
			isa = PBXProject;
			attributes = {
				LastSwiftUpdateCheck = 1100;
				LastUpgradeCheck = 1100;
				ORGANIZATIONNAME = "Olha Skulska";
				TargetAttributes = {
					78519D2C23548FF4002D44B5 = {
						CreatedOnToolsVersion = 11.0;
					};
				};
			};
			buildConfigurationList = 78519D2823548FF4002D44B5 /* Build configuration list for PBXProject "UIPageViewController" */;
			compatibilityVersion = "Xcode 9.3";
			developmentRegion = en;
			hasScannedForEncodings = 0;
			knownRegions = (
				en,
				Base,
			);
			mainGroup = 78519D2423548FF4002D44B5;
			productRefGroup = 78519D2E23548FF4002D44B5 /* Products */;
			projectDirPath = "";
			projectRoot = "";
			targets = (
				78519D2C23548FF4002D44B5 /* UIPageViewController */,
			);
		};
/* End PBXProject section */

/* Begin PBXResourcesBuildPhase section */
		78519D2B23548FF4002D44B5 /* Resources */ = {
			isa = PBXResourcesBuildPhase;
			buildActionMask = 2147483647;
			files = (
				78519D3D23548FF6002D44B5 /* LaunchScreen.storyboard in Resources */,
				78519D3A23548FF6002D44B5 /* Assets.xcassets in Resources */,
				78519D3823548FF4002D44B5 /* Main.storyboard in Resources */,
			);
			runOnlyForDeploymentPostprocessing = 0;
		};
/* End PBXResourcesBuildPhase section */

/* Begin PBXSourcesBuildPhase section */
		78519D2923548FF4002D44B5 /* Sources */ = {
			isa = PBXSourcesBuildPhase;
			buildActionMask = 2147483647;
			files = (
				784DB63D2354A44000DDE354 /* SceneDelegate.swift in Sources */,
				78519D4923549DF2002D44B5 /* ContentViewController.swift in Sources */,
				78519D4723549641002D44B5 /* PageViewController.swift in Sources */,
				78519D3523548FF4002D44B5 /* FirstViewController.swift in Sources */,
				78519D3123548FF4002D44B5 /* AppDelegate.swift in Sources */,
			);
			runOnlyForDeploymentPostprocessing = 0;
		};
/* End PBXSourcesBuildPhase section */

/* Begin PBXVariantGroup section */
		78519D3623548FF4002D44B5 /* Main.storyboard */ = {
			isa = PBXVariantGroup;
			children = (
				78519D3723548FF4002D44B5 /* Base */,
			);
			name = Main.storyboard;
			sourceTree = "<group>";
		};
		78519D3B23548FF6002D44B5 /* LaunchScreen.storyboard */ = {
			isa = PBXVariantGroup;
			children = (
				78519D3C23548FF6002D44B5 /* Base */,
			);
			name = LaunchScreen.storyboard;
			sourceTree = "<group>";
		};
/* End PBXVariantGroup section */

/* Begin XCBuildConfiguration section */
		78519D3F23548FF6002D44B5 /* Debug */ = {
			isa = XCBuildConfiguration;
			buildSettings = {
				ALWAYS_SEARCH_USER_PATHS = NO;
				CLANG_ANALYZER_NONNULL = YES;
				CLANG_ANALYZER_NUMBER_OBJECT_CONVERSION = YES_AGGRESSIVE;
				CLANG_CXX_LANGUAGE_STANDARD = "gnu++14";
				CLANG_CXX_LIBRARY = "libc++";
				CLANG_ENABLE_MODULES = YES;
				CLANG_ENABLE_OBJC_ARC = YES;
				CLANG_ENABLE_OBJC_WEAK = YES;
				CLANG_WARN_BLOCK_CAPTURE_AUTORELEASING = YES;
				CLANG_WARN_BOOL_CONVERSION = YES;
				CLANG_WARN_COMMA = YES;
				CLANG_WARN_CONSTANT_CONVERSION = YES;
				CLANG_WARN_DEPRECATED_OBJC_IMPLEMENTATIONS = YES;
				CLANG_WARN_DIRECT_OBJC_ISA_USAGE = YES_ERROR;
				CLANG_WARN_DOCUMENTATION_COMMENTS = YES;
				CLANG_WARN_EMPTY_BODY = YES;
				CLANG_WARN_ENUM_CONVERSION = YES;
				CLANG_WARN_INFINITE_RECURSION = YES;
				CLANG_WARN_INT_CONVERSION = YES;
				CLANG_WARN_NON_LITERAL_NULL_CONVERSION = YES;
				CLANG_WARN_OBJC_IMPLICIT_RETAIN_SELF = YES;
				CLANG_WARN_OBJC_LITERAL_CONVERSION = YES;
				CLANG_WARN_OBJC_ROOT_CLASS = YES_ERROR;
				CLANG_WARN_RANGE_LOOP_ANALYSIS = YES;
				CLANG_WARN_STRICT_PROTOTYPES = YES;
				CLANG_WARN_SUSPICIOUS_MOVE = YES;
				CLANG_WARN_UNGUARDED_AVAILABILITY = YES_AGGRESSIVE;
				CLANG_WARN_UNREACHABLE_CODE = YES;
				CLANG_WARN__DUPLICATE_METHOD_MATCH = YES;
				COPY_PHASE_STRIP = NO;
				DEBUG_INFORMATION_FORMAT = dwarf;
				ENABLE_STRICT_OBJC_MSGSEND = YES;
				ENABLE_TESTABILITY = YES;
				GCC_C_LANGUAGE_STANDARD = gnu11;
				GCC_DYNAMIC_NO_PIC = NO;
				GCC_NO_COMMON_BLOCKS = YES;
				GCC_OPTIMIZATION_LEVEL = 0;
				GCC_PREPROCESSOR_DEFINITIONS = (
					"DEBUG=1",
					"$(inherited)",
				);
				GCC_WARN_64_TO_32_BIT_CONVERSION = YES;
				GCC_WARN_ABOUT_RETURN_TYPE = YES_ERROR;
				GCC_WARN_UNDECLARED_SELECTOR = YES;
				GCC_WARN_UNINITIALIZED_AUTOS = YES_AGGRESSIVE;
				GCC_WARN_UNUSED_FUNCTION = YES;
				GCC_WARN_UNUSED_VARIABLE = YES;
				IPHONEOS_DEPLOYMENT_TARGET = 13.0;
				MTL_ENABLE_DEBUG_INFO = INCLUDE_SOURCE;
				MTL_FAST_MATH = YES;
				ONLY_ACTIVE_ARCH = YES;
				SDKROOT = iphoneos;
				SWIFT_ACTIVE_COMPILATION_CONDITIONS = DEBUG;
				SWIFT_OPTIMIZATION_LEVEL = "-Onone";
			};
			name = Debug;
		};
		78519D4023548FF6002D44B5 /* Release */ = {
			isa = XCBuildConfiguration;
			buildSettings = {
				ALWAYS_SEARCH_USER_PATHS = NO;
				CLANG_ANALYZER_NONNULL = YES;
				CLANG_ANALYZER_NUMBER_OBJECT_CONVERSION = YES_AGGRESSIVE;
				CLANG_CXX_LANGUAGE_STANDARD = "gnu++14";
				CLANG_CXX_LIBRARY = "libc++";
				CLANG_ENABLE_MODULES = YES;
				CLANG_ENABLE_OBJC_ARC = YES;
				CLANG_ENABLE_OBJC_WEAK = YES;
				CLANG_WARN_BLOCK_CAPTURE_AUTORELEASING = YES;
				CLANG_WARN_BOOL_CONVERSION = YES;
				CLANG_WARN_COMMA = YES;
				CLANG_WARN_CONSTANT_CONVERSION = YES;
				CLANG_WARN_DEPRECATED_OBJC_IMPLEMENTATIONS = YES;
				CLANG_WARN_DIRECT_OBJC_ISA_USAGE = YES_ERROR;
				CLANG_WARN_DOCUMENTATION_COMMENTS = YES;
				CLANG_WARN_EMPTY_BODY = YES;
				CLANG_WARN_ENUM_CONVERSION = YES;
				CLANG_WARN_INFINITE_RECURSION = YES;
				CLANG_WARN_INT_CONVERSION = YES;
				CLANG_WARN_NON_LITERAL_NULL_CONVERSION = YES;
				CLANG_WARN_OBJC_IMPLICIT_RETAIN_SELF = YES;
				CLANG_WARN_OBJC_LITERAL_CONVERSION = YES;
				CLANG_WARN_OBJC_ROOT_CLASS = YES_ERROR;
				CLANG_WARN_RANGE_LOOP_ANALYSIS = YES;
				CLANG_WARN_STRICT_PROTOTYPES = YES;
				CLANG_WARN_SUSPICIOUS_MOVE = YES;
				CLANG_WARN_UNGUARDED_AVAILABILITY = YES_AGGRESSIVE;
				CLANG_WARN_UNREACHABLE_CODE = YES;
				CLANG_WARN__DUPLICATE_METHOD_MATCH = YES;
				COPY_PHASE_STRIP = NO;
				DEBUG_INFORMATION_FORMAT = "dwarf-with-dsym";
				ENABLE_NS_ASSERTIONS = NO;
				ENABLE_STRICT_OBJC_MSGSEND = YES;
				GCC_C_LANGUAGE_STANDARD = gnu11;
				GCC_NO_COMMON_BLOCKS = YES;
				GCC_WARN_64_TO_32_BIT_CONVERSION = YES;
				GCC_WARN_ABOUT_RETURN_TYPE = YES_ERROR;
				GCC_WARN_UNDECLARED_SELECTOR = YES;
				GCC_WARN_UNINITIALIZED_AUTOS = YES_AGGRESSIVE;
				GCC_WARN_UNUSED_FUNCTION = YES;
				GCC_WARN_UNUSED_VARIABLE = YES;
				IPHONEOS_DEPLOYMENT_TARGET = 13.0;
				MTL_ENABLE_DEBUG_INFO = NO;
				MTL_FAST_MATH = YES;
				SDKROOT = iphoneos;
				SWIFT_COMPILATION_MODE = wholemodule;
				SWIFT_OPTIMIZATION_LEVEL = "-O";
				VALIDATE_PRODUCT = YES;
			};
			name = Release;
		};
		78519D4223548FF6002D44B5 /* Debug */ = {
			isa = XCBuildConfiguration;
			buildSettings = {
				ASSETCATALOG_COMPILER_APPICON_NAME = AppIcon;
				CODE_SIGN_STYLE = Automatic;
				DEVELOPMENT_TEAM = 45Y2D6MLXK;
				INFOPLIST_FILE = UIPageViewController/Info.plist;
				LD_RUNPATH_SEARCH_PATHS = (
					"$(inherited)",
					"@executable_path/Frameworks",
				);
				PRODUCT_BUNDLE_IDENTIFIER = oskulska.UIPageViewController;
				PRODUCT_NAME = "$(TARGET_NAME)";
				SWIFT_VERSION = 5.0;
				TARGETED_DEVICE_FAMILY = "1,2";
			};
			name = Debug;
		};
		78519D4323548FF6002D44B5 /* Release */ = {
			isa = XCBuildConfiguration;
			buildSettings = {
				ASSETCATALOG_COMPILER_APPICON_NAME = AppIcon;
				CODE_SIGN_STYLE = Automatic;
				DEVELOPMENT_TEAM = 45Y2D6MLXK;
				INFOPLIST_FILE = UIPageViewController/Info.plist;
				LD_RUNPATH_SEARCH_PATHS = (
					"$(inherited)",
					"@executable_path/Frameworks",
				);
				PRODUCT_BUNDLE_IDENTIFIER = oskulska.UIPageViewController;
				PRODUCT_NAME = "$(TARGET_NAME)";
				SWIFT_VERSION = 5.0;
				TARGETED_DEVICE_FAMILY = "1,2";
			};
			name = Release;
		};
/* End XCBuildConfiguration section */

/* Begin XCConfigurationList section */
		78519D2823548FF4002D44B5 /* Build configuration list for PBXProject "UIPageViewController" */ = {
			isa = XCConfigurationList;
			buildConfigurations = (
				78519D3F23548FF6002D44B5 /* Debug */,
				78519D4023548FF6002D44B5 /* Release */,
			);
			defaultConfigurationIsVisible = 0;
			defaultConfigurationName = Release;
		};
		78519D4123548FF6002D44B5 /* Build configuration list for PBXNativeTarget "UIPageViewController" */ = {
			isa = XCConfigurationList;
			buildConfigurations = (
				78519D4223548FF6002D44B5 /* Debug */,
				78519D4323548FF6002D44B5 /* Release */,
			);
			defaultConfigurationIsVisible = 0;
			defaultConfigurationName = Release;
		};
/* End XCConfigurationList section */
	};
	rootObject = 78519D2523548FF4002D44B5 /* Project object */;
}
